
Microsoft Visual Studio Solution File, Format Version 12.00
Project("{FAE04EC0-301F-11D3-BF4B-00C04F79EFBC}") = "Ozon.MerchService", "src\Ozon.MerchService\Ozon.MerchService.csproj", "{70426E2B-E18B-4770-BC8A-72E986D41A83}"
EndProject
Project("{2150E333-8FDC-42A3-9474-1A3956D46DE8}") = "src", "src", "{A7D7AB30-5D16-4250-BCB7-43A9BD0FC7CA}"
EndProject
Project("{2150E333-8FDC-42A3-9474-1A3956D46DE8}") = "tests", "tests", "{C7876B2B-7189-4888-A5A6-73B720FD26A0}"
EndProject
Project("{2150E333-8FDC-42A3-9474-1A3956D46DE8}") = "common", "common", "{530E10BA-E6FA-4F57-B007-7D5EA6DF73FE}"
	ProjectSection(SolutionItems) = preProject
		.editorconfig = .editorconfig
		.gitignore = .gitignore
		readme.md = readme.md
		docker-compose.yml = docker-compose.yml
		Dockerfile = Dockerfile
		.dockerignore = .dockerignore
		entrypoint.sh = entrypoint.sh
	EndProjectSection
EndProject
Project("{FAE04EC0-301F-11D3-BF4B-00C04F79EFBC}") = "Ozon.MerchService.HttpModels", "src\Ozon.MerchService.HttpModels\Ozon.MerchService.HttpModels.csproj", "{240C1ECE-672D-42A7-915C-B83E2B5684F4}"
EndProject
Project("{FAE04EC0-301F-11D3-BF4B-00C04F79EFBC}") = "Ozon.MerchService.Domain", "src\Ozon.MerchService.Domain\Ozon.MerchService.Domain.csproj", "{81C8B188-2AB0-47A2-8F45-BC5F4697CF32}"
EndProject
Project("{FAE04EC0-301F-11D3-BF4B-00C04F79EFBC}") = "Ozon.MerchService.Migrator", "src\Ozon.MerchService.Migrator\Ozon.MerchService.Migrator.csproj", "{7B0A5A4E-34EF-4AD6-B5F1-730BB5B5FA69}"
EndProject
Project("{FAE04EC0-301F-11D3-BF4B-00C04F79EFBC}") = "Ozon.MerchService.Infrastructure", "src\Ozon.MerchService.Infrastructure\Ozon.MerchService.Infrastructure.csproj", "{3F8AA4F1-9025-43FD-86B1-0A24F20E1E76}"
EndProject
Project("{FAE04EC0-301F-11D3-BF4B-00C04F79EFBC}") = "Ozon.MerchService.HttpClient", "src\Ozon.MerchService.HttpClient\Ozon.MerchService.HttpClient.csproj", "{93CF188F-08D1-43B1-A5A9-EDEBE32D0597}"
EndProject
Global
	GlobalSection(SolutionConfigurationPlatforms) = preSolution
		Debug|Any CPU = Debug|Any CPU
		Release|Any CPU = Release|Any CPU
	EndGlobalSection
	GlobalSection(ProjectConfigurationPlatforms) = postSolution
		{70426E2B-E18B-4770-BC8A-72E986D41A83}.Debug|Any CPU.ActiveCfg = Debug|Any CPU
		{70426E2B-E18B-4770-BC8A-72E986D41A83}.Debug|Any CPU.Build.0 = Debug|Any CPU
		{70426E2B-E18B-4770-BC8A-72E986D41A83}.Release|Any CPU.ActiveCfg = Release|Any CPU
		{70426E2B-E18B-4770-BC8A-72E986D41A83}.Release|Any CPU.Build.0 = Release|Any CPU
		{C1E86992-D2B8-4F28-A3D2-E0E5D444C4BF}.Debug|Any CPU.ActiveCfg = Debug|Any CPU
		{C1E86992-D2B8-4F28-A3D2-E0E5D444C4BF}.Debug|Any CPU.Build.0 = Debug|Any CPU
		{C1E86992-D2B8-4F28-A3D2-E0E5D444C4BF}.Release|Any CPU.ActiveCfg = Release|Any CPU
		{C1E86992-D2B8-4F28-A3D2-E0E5D444C4BF}.Release|Any CPU.Build.0 = Release|Any CPU
		{240C1ECE-672D-42A7-915C-B83E2B5684F4}.Debug|Any CPU.ActiveCfg = Debug|Any CPU
		{240C1ECE-672D-42A7-915C-B83E2B5684F4}.Debug|Any CPU.Build.0 = Debug|Any CPU
		{240C1ECE-672D-42A7-915C-B83E2B5684F4}.Release|Any CPU.ActiveCfg = Release|Any CPU
		{240C1ECE-672D-42A7-915C-B83E2B5684F4}.Release|Any CPU.Build.0 = Release|Any CPU
		{81C8B188-2AB0-47A2-8F45-BC5F4697CF32}.Debug|Any CPU.ActiveCfg = Debug|Any CPU
		{81C8B188-2AB0-47A2-8F45-BC5F4697CF32}.Debug|Any CPU.Build.0 = Debug|Any CPU
		{81C8B188-2AB0-47A2-8F45-BC5F4697CF32}.Release|Any CPU.ActiveCfg = Release|Any CPU
		{81C8B188-2AB0-47A2-8F45-BC5F4697CF32}.Release|Any CPU.Build.0 = Release|Any CPU
		{7B0A5A4E-34EF-4AD6-B5F1-730BB5B5FA69}.Debug|Any CPU.ActiveCfg = Debug|Any CPU
		{7B0A5A4E-34EF-4AD6-B5F1-730BB5B5FA69}.Debug|Any CPU.Build.0 = Debug|Any CPU
		{7B0A5A4E-34EF-4AD6-B5F1-730BB5B5FA69}.Release|Any CPU.ActiveCfg = Release|Any CPU
		{7B0A5A4E-34EF-4AD6-B5F1-730BB5B5FA69}.Release|Any CPU.Build.0 = Release|Any CPU
		{3F8AA4F1-9025-43FD-86B1-0A24F20E1E76}.Debug|Any CPU.ActiveCfg = Debug|Any CPU
		{3F8AA4F1-9025-43FD-86B1-0A24F20E1E76}.Debug|Any CPU.Build.0 = Debug|Any CPU
		{3F8AA4F1-9025-43FD-86B1-0A24F20E1E76}.Release|Any CPU.ActiveCfg = Release|Any CPU
		{3F8AA4F1-9025-43FD-86B1-0A24F20E1E76}.Release|Any CPU.Build.0 = Release|Any CPU
		{93CF188F-08D1-43B1-A5A9-EDEBE32D0597}.Debug|Any CPU.ActiveCfg = Debug|Any CPU
		{93CF188F-08D1-43B1-A5A9-EDEBE32D0597}.Debug|Any CPU.Build.0 = Debug|Any CPU
		{93CF188F-08D1-43B1-A5A9-EDEBE32D0597}.Release|Any CPU.ActiveCfg = Release|Any CPU
		{93CF188F-08D1-43B1-A5A9-EDEBE32D0597}.Release|Any CPU.Build.0 = Release|Any CPU
	EndGlobalSection
	GlobalSection(NestedProjects) = preSolution
		{70426E2B-E18B-4770-BC8A-72E986D41A83} = {A7D7AB30-5D16-4250-BCB7-43A9BD0FC7CA}
		{240C1ECE-672D-42A7-915C-B83E2B5684F4} = {A7D7AB30-5D16-4250-BCB7-43A9BD0FC7CA}
		{81C8B188-2AB0-47A2-8F45-BC5F4697CF32} = {A7D7AB30-5D16-4250-BCB7-43A9BD0FC7CA}
		{7B0A5A4E-34EF-4AD6-B5F1-730BB5B5FA69} = {A7D7AB30-5D16-4250-BCB7-43A9BD0FC7CA}
		{3F8AA4F1-9025-43FD-86B1-0A24F20E1E76} = {A7D7AB30-5D16-4250-BCB7-43A9BD0FC7CA}
		{93CF188F-08D1-43B1-A5A9-EDEBE32D0597} = {A7D7AB30-5D16-4250-BCB7-43A9BD0FC7CA}
	EndGlobalSection
EndGlobal
